// !$*UTF8*$!
{
	archiveVersion = 1;
	classes = {
	};
	objectVersion = 42;
	objects = {

/* Begin PBXBuildFile section */
		3DE2EF6C0BA0033A00A71444 /* CocoaTADS_Prefix.h in Headers */ = {isa = PBXBuildFile; fileRef = 32DBCF750370BD2300C91783 /* CocoaTADS_Prefix.h */; };
		3DE2EF6D0BA0033A00A71444 /* ProjectDocument.h in Headers */ = {isa = PBXBuildFile; fileRef = 3DCB1AA804835DCD00EF1DCB /* ProjectDocument.h */; };
		3DE2EF6E0BA0033A00A71444 /* NSTadsOptFileHelper.h in Headers */ = {isa = PBXBuildFile; fileRef = 3DCB1AA904835DCD00EF1DCB /* NSTadsOptFileHelper.h */; };
		3DE2EF700BA0033A00A71444 /* osgen.h in Headers */ = {isa = PBXBuildFile; fileRef = 3DCB1AB504835EF800EF1DCB /* osgen.h */; };
		3DE2EF710BA0033A00A71444 /* osifc.h in Headers */ = {isa = PBXBuildFile; fileRef = 3DCB1AB804835EF800EF1DCB /* osifc.h */; };
		3DE2EF720BA0033A00A71444 /* osunixt.h in Headers */ = {isa = PBXBuildFile; fileRef = 3DCB1ABE04835F0A00EF1DCB /* osunixt.h */; };
		3DE2EF730BA0033A00A71444 /* tccmdutl.h in Headers */ = {isa = PBXBuildFile; fileRef = 3DCB1AC704835F7D00EF1DCB /* tccmdutl.h */; };
		3DE2EF740BA0033A00A71444 /* osifctyp.h in Headers */ = {isa = PBXBuildFile; fileRef = 3DFB2567048413B8006ACD61 /* osifctyp.h */; };
		3DE2EF750BA0033A00A71444 /* ErrorListEntry.h in Headers */ = {isa = PBXBuildFile; fileRef = 3D1861970487CB8C00098381 /* ErrorListEntry.h */; };
		3DE2EF760BA0033A00A71444 /* CocoaTadsAppDelegate.h in Headers */ = {isa = PBXBuildFile; fileRef = 3D02EB02048962D100906F7E /* CocoaTadsAppDelegate.h */; };
		3DE2EF780BA0033A00A71444 /* ProjectTextDocument.h in Headers */ = {isa = PBXBuildFile; fileRef = 3DB49BCF05DCFED4003FBB98 /* ProjectTextDocument.h */; };
		3DE2EF790BA0033A00A71444 /* UKSCTDUserIdentifiersPrefsController.h in Headers */ = {isa = PBXBuildFile; fileRef = 3DE01E590655A2A600D8F491 /* UKSCTDUserIdentifiersPrefsController.h */; };
		3DE2EF7A0BA0033A00A71444 /* UKSyntaxColoredTextDocument.h in Headers */ = {isa = PBXBuildFile; fileRef = 3DE01E5B0655A2A600D8F491 /* UKSyntaxColoredTextDocument.h */; };
		3DE2EF7B0BA0033A00A71444 /* UKSCTDColorWellPrefsController.h in Headers */ = {isa = PBXBuildFile; fileRef = 3DE01E5E0655A2A600D8F491 /* UKSCTDColorWellPrefsController.h */; };
		3DE2EF7C0BA0033A00A71444 /* NSScanner+SkipUpToCharset.h in Headers */ = {isa = PBXBuildFile; fileRef = 3DE01E650655A2F000D8F491 /* NSScanner+SkipUpToCharset.h */; };
		3DE2EF7D0BA0033A00A71444 /* NSArray+Color.h in Headers */ = {isa = PBXBuildFile; fileRef = 3DE01E670655A2F000D8F491 /* NSArray+Color.h */; };
		3DE2EF7E0BA0033A00A71444 /* UKTextDocGotoBox.h in Headers */ = {isa = PBXBuildFile; fileRef = 3DE01E6A0655A2F000D8F491 /* UKTextDocGotoBox.h */; };
		3DE2EF7F0BA0033A00A71444 /* UKUpdateChecker.h in Headers */ = {isa = PBXBuildFile; fileRef = 3DB688F6071147940099B94D /* UKUpdateChecker.h */; };
		3DE2EF800BA0033A00A71444 /* UKFeedbackProvider.h in Headers */ = {isa = PBXBuildFile; fileRef = 3DB688F7071147940099B94D /* UKFeedbackProvider.h */; };
		3DE2EF810BA0033A00A71444 /* UKBorderlessWindow.h in Headers */ = {isa = PBXBuildFile; fileRef = 3DB36B0B0722E98F00B55A21 /* UKBorderlessWindow.h */; };
		3DE2EF820BA0033A00A71444 /* UKErrorsWindow.h in Headers */ = {isa = PBXBuildFile; fileRef = 3D0ECBBF07459E240085E9A0 /* UKErrorsWindow.h */; };
		3DE2EF830BA0033A00A71444 /* UKNibOwner.h in Headers */ = {isa = PBXBuildFile; fileRef = 3D0ECD1F0745A7BD0085E9A0 /* UKNibOwner.h */; };
		3DE2EF840BA0033A00A71444 /* NSFileHandle+AppendToStringAndNotify.h in Headers */ = {isa = PBXBuildFile; fileRef = 3DD065610745C39700C18AE2 /* NSFileHandle+AppendToStringAndNotify.h */; };
		3DE2EF850BA0033A00A71444 /* NSString+FetchNextLine.h in Headers */ = {isa = PBXBuildFile; fileRef = 3DD065A20745C9B500C18AE2 /* NSString+FetchNextLine.h */; };
		3DE2EF870BA0033A00A71444 /* Credits.rtf in Resources */ = {isa = PBXBuildFile; fileRef = 2A37F4B9FDCFA73011CA2CEA /* Credits.rtf */; };
		3DE2EF880BA0033A00A71444 /* InfoPlist.strings in Resources */ = {isa = PBXBuildFile; fileRef = 089C165FFE840EACC02AAC07 /* InfoPlist.strings */; };
		3DE2EF890BA0033A00A71444 /* UKSyntaxColoredTextDocument.nib in Resources */ = {isa = PBXBuildFile; fileRef = 3DFB257D04841572006ACD61 /* UKSyntaxColoredTextDocument.nib */; };
		3DE2EF8A0BA0033A00A71444 /* ProjectDocument.nib in Resources */ = {isa = PBXBuildFile; fileRef = 3DFB257F04841572006ACD61 /* ProjectDocument.nib */; };
		3DE2EF8B0BA0033A00A71444 /* DocIcon.icns in Resources */ = {isa = PBXBuildFile; fileRef = 3DFB258404841595006ACD61 /* DocIcon.icns */; };
		3DE2EF8C0BA0033A00A71444 /* SourceIcon.icns in Resources */ = {isa = PBXBuildFile; fileRef = 3DFB258504841595006ACD61 /* SourceIcon.icns */; };
		3DE2EF8D0BA0033A00A71444 /* AppIcon.icns in Resources */ = {isa = PBXBuildFile; fileRef = 3DFB258604841595006ACD61 /* AppIcon.icns */; };
		3DE2EF8E0BA0033A00A71444 /* Folder.icns in Resources */ = {isa = PBXBuildFile; fileRef = 3DFB258704841596006ACD61 /* Folder.icns */; };
		3DE2EF8F0BA0033A00A71444 /* MainMenu.nib in Resources */ = {isa = PBXBuildFile; fileRef = 3DFB258C04841692006ACD61 /* MainMenu.nib */; };
		3DE2EF900BA0033A00A71444 /* TopComment.txt in Resources */ = {isa = PBXBuildFile; fileRef = 3DC5E32E0486D2AF009225F9 /* TopComment.txt */; };
		3DE2EF910BA0033A00A71444 /* OtherConfig.txt in Resources */ = {isa = PBXBuildFile; fileRef = 3DC5E3260486D165009225F9 /* OtherConfig.txt */; };
		3DE2EF920BA0033A00A71444 /* SourcesComment.txt in Resources */ = {isa = PBXBuildFile; fileRef = 3DC5E3300486D2B6009225F9 /* SourcesComment.txt */; };
		3DE2EF930BA0033A00A71444 /* OtherOptions.txt in Resources */ = {isa = PBXBuildFile; fileRef = 3DC5E3280486D165009225F9 /* OtherOptions.txt */; };
		3DE2EF940BA0033A00A71444 /* Localizable.strings in Resources */ = {isa = PBXBuildFile; fileRef = 3DC5E3320486D3B2009225F9 /* Localizable.strings */; };
		3DE2EF960BA0033A00A71444 /* ErrorIcon.icns in Resources */ = {isa = PBXBuildFile; fileRef = 3DC5E42C0486FF16009225F9 /* ErrorIcon.icns */; };
		3DE2EF970BA0033A00A71444 /* WarningIcon.icns in Resources */ = {isa = PBXBuildFile; fileRef = 3DC5E42F0486FF64009225F9 /* WarningIcon.icns */; };
		3DE2EF980BA0033A00A71444 /* NoteIcon.icns in Resources */ = {isa = PBXBuildFile; fileRef = 3D2650280487EEB6002EC4C7 /* NoteIcon.icns */; };
		3DE2EF990BA0033A00A71444 /* Splash.tiff in Resources */ = {isa = PBXBuildFile; fileRef = 3D02EE76048966FC00906F7E /* Splash.tiff */; };
		3DE2EF9A0BA0033A00A71444 /* RunTadsScript.txt in Resources */ = {isa = PBXBuildFile; fileRef = 3D95BD9004898FA8009806D1 /* RunTadsScript.txt */; };
		3DE2EF9B0BA0033A00A71444 /* DebugTadsScript.txt in Resources */ = {isa = PBXBuildFile; fileRef = 3D95BD9204899187009806D1 /* DebugTadsScript.txt */; };
		3DE2EF9D0BA0033A00A71444 /* Preferences.plist in Resources */ = {isa = PBXBuildFile; fileRef = 3DBF22CA048B797900000202 /* Preferences.plist */; };
		3DE2EF9E0BA0033A00A71444 /* SyntaxColorDefaults.plist in Resources */ = {isa = PBXBuildFile; fileRef = 3D6D9C6405D97C3500FC1C62 /* SyntaxColorDefaults.plist */; };
		3DE2EF9F0BA0033A00A71444 /* SyntaxDefinition.plist in Resources */ = {isa = PBXBuildFile; fileRef = 3D6D9C6705D97C5E00FC1C62 /* SyntaxDefinition.plist */; };
		3DE2EFA00BA0033A00A71444 /* BrokenDocIcon.tiff in Resources */ = {isa = PBXBuildFile; fileRef = 3DB49BD505DD1FD3003FBB98 /* BrokenDocIcon.tiff */; };
		3DE2EFA10BA0033A00A71444 /* SelectionRange.tiff in Resources */ = {isa = PBXBuildFile; fileRef = 3DE01E710655A51A00D8F491 /* SelectionRange.tiff */; };
		3DE2EFA20BA0033A00A71444 /* InsertionMark.tiff in Resources */ = {isa = PBXBuildFile; fileRef = 3DE01E720655A51A00D8F491 /* InsertionMark.tiff */; };
		3DE2EFA60BA0033A00A71444 /* UKFeedbackProvider.nib in Resources */ = {isa = PBXBuildFile; fileRef = 3DB68901071147D90099B94D /* UKFeedbackProvider.nib */; };
		3DE2EFA70BA0033A00A71444 /* UKUpdateChecker.strings in Resources */ = {isa = PBXBuildFile; fileRef = 3DB68906071147F00099B94D /* UKUpdateChecker.strings */; };
		3DE2EFA80BA0033A00A71444 /* UKErrorsWindow.nib in Resources */ = {isa = PBXBuildFile; fileRef = 3D0ECD3B0745A9780085E9A0 /* UKErrorsWindow.nib */; };
		3DE2EFA90BA0033A00A71444 /* MacPAD.url in Resources */ = {isa = PBXBuildFile; fileRef = 3D0ECD520745AEFA0085E9A0 /* MacPAD.url */; };
		3DE2EFAA0BA0033A00A71444 /* Suitcase.icns in Resources */ = {isa = PBXBuildFile; fileRef = 3DD0661707465B7F00C18AE2 /* Suitcase.icns */; };
		3DE2EFAC0BA0033A00A71444 /* main.m in Sources */ = {isa = PBXBuildFile; fileRef = 2A37F4B0FDCFA73011CA2CEA /* main.m */; settings = {ATTRIBUTES = (); }; };
		3DE2EFAD0BA0033A00A71444 /* ProjectDocument.m in Sources */ = {isa = PBXBuildFile; fileRef = 3DCB1AAA04835DCD00EF1DCB /* ProjectDocument.m */; };
		3DE2EFAE0BA0033A00A71444 /* NSTadsOptFileHelper.mm in Sources */ = {isa = PBXBuildFile; fileRef = 3DCB1AAB04835DCD00EF1DCB /* NSTadsOptFileHelper.mm */; };
		3DE2EFB00BA0033A00A71444 /* osifc.c in Sources */ = {isa = PBXBuildFile; fileRef = 3DCB1AB704835EF800EF1DCB /* osifc.c */; };
		3DE2EFB10BA0033A00A71444 /* osportable.cc in Sources */ = {isa = PBXBuildFile; fileRef = 3DCB1ABD04835F0A00EF1DCB /* osportable.cc */; };
		3DE2EFB40BA0033A00A71444 /* tccmdutl.cpp in Sources */ = {isa = PBXBuildFile; fileRef = 3DCB1AC504835F7000EF1DCB /* tccmdutl.cpp */; };
		3DE2EFB50BA0033A00A71444 /* TadsDummies.c in Sources */ = {isa = PBXBuildFile; fileRef = 3DFB25640484120E006ACD61 /* TadsDummies.c */; };
		3DE2EFB60BA0033A00A71444 /* ErrorListEntry.m in Sources */ = {isa = PBXBuildFile; fileRef = 3D1861980487CB8C00098381 /* ErrorListEntry.m */; };
		3DE2EFB70BA0033A00A71444 /* CocoaTadsAppDelegate.m in Sources */ = {isa = PBXBuildFile; fileRef = 3D02EB03048962D100906F7E /* CocoaTadsAppDelegate.m */; };
		3DE2EFB80BA0033A00A71444 /* ProjectTextDocument.m in Sources */ = {isa = PBXBuildFile; fileRef = 3DB49BD005DCFED4003FBB98 /* ProjectTextDocument.m */; };
		3DE2EFB90BA0033A00A71444 /* UKSyntaxColoredTextDocument.m in Sources */ = {isa = PBXBuildFile; fileRef = 3DE01E5A0655A2A600D8F491 /* UKSyntaxColoredTextDocument.m */; };
		3DE2EFBA0BA0033A00A71444 /* UKSCTDUserIdentifiersPrefsController.m in Sources */ = {isa = PBXBuildFile; fileRef = 3DE01E5C0655A2A600D8F491 /* UKSCTDUserIdentifiersPrefsController.m */; };
		3DE2EFBB0BA0033A00A71444 /* UKSCTDColorWellPrefsController.m in Sources */ = {isa = PBXBuildFile; fileRef = 3DE01E5D0655A2A600D8F491 /* UKSCTDColorWellPrefsController.m */; };
		3DE2EFBC0BA0033A00A71444 /* NSArray+Color.m in Sources */ = {isa = PBXBuildFile; fileRef = 3DE01E660655A2F000D8F491 /* NSArray+Color.m */; };
		3DE2EFBD0BA0033A00A71444 /* NSScanner+SkipUpToCharset.m in Sources */ = {isa = PBXBuildFile; fileRef = 3DE01E680655A2F000D8F491 /* NSScanner+SkipUpToCharset.m */; };
		3DE2EFBE0BA0033A00A71444 /* UKTextDocGoToBox.m in Sources */ = {isa = PBXBuildFile; fileRef = 3DE01E690655A2F000D8F491 /* UKTextDocGoToBox.m */; };
		3DE2EFBF0BA0033A00A71444 /* UKFeedbackProvider.m in Sources */ = {isa = PBXBuildFile; fileRef = 3DB688F4071147940099B94D /* UKFeedbackProvider.m */; };
		3DE2EFC00BA0033A00A71444 /* UKUpdateChecker.m in Sources */ = {isa = PBXBuildFile; fileRef = 3DB688F5071147940099B94D /* UKUpdateChecker.m */; };
		3DE2EFC10BA0033A00A71444 /* UKBorderlessWindow.m in Sources */ = {isa = PBXBuildFile; fileRef = 3DB36B0C0722E98F00B55A21 /* UKBorderlessWindow.m */; };
		3DE2EFC20BA0033A00A71444 /* UKErrorsWindow.m in Sources */ = {isa = PBXBuildFile; fileRef = 3D0ECBC007459E240085E9A0 /* UKErrorsWindow.m */; };
		3DE2EFC30BA0033A00A71444 /* UKNibOwner.m in Sources */ = {isa = PBXBuildFile; fileRef = 3D0ECD200745A7BD0085E9A0 /* UKNibOwner.m */; };
		3DE2EFC40BA0033A00A71444 /* NSFileHandle+AppendToStringAndNotify.m in Sources */ = {isa = PBXBuildFile; fileRef = 3DD0655F0745C39100C18AE2 /* NSFileHandle+AppendToStringAndNotify.m */; };
		3DE2EFC50BA0033A00A71444 /* NSString+FetchNextLine.m in Sources */ = {isa = PBXBuildFile; fileRef = 3DD065A00745C9AE00C18AE2 /* NSString+FetchNextLine.m */; };
		3DE2EFC70BA0033A00A71444 /* Cocoa.framework in Frameworks */ = {isa = PBXBuildFile; fileRef = 1058C7A7FEA54F5311CA2CBB /* Cocoa.framework */; };
		3DE2EFC80BA0033A00A71444 /* Message.framework in Frameworks */ = {isa = PBXBuildFile; fileRef = 3D1705B805D9990800B50FB4 /* Message.framework */; };
		3DE2EFCA0BA0033A00A71444 /* Workbench Help in CopyFiles */ = {isa = PBXBuildFile; fileRef = 3D3FB3E607EB3690003751D4 /* Workbench Help */; };
		556EC570102584B5007FBE38 /* t3doc in Resources */ = {isa = PBXBuildFile; fileRef = 556EBBCC102584B4007FBE38 /* t3doc */; };
		556EC576102584D0007FBE38 /* lib in Resources */ = {isa = PBXBuildFile; fileRef = 556EC571102584D0007FBE38 /* lib */; };
		556EC58010258586007FBE38 /* wchar.h in Headers */ = {isa = PBXBuildFile; fileRef = 556EC57F10258586007FBE38 /* wchar.h */; };
		556EC59510258792007FBE38 /* osfrobtads.h in Headers */ = {isa = PBXBuildFile; fileRef = 556EC59410258792007FBE38 /* osfrobtads.h */; };
		556EC5D61025904D007FBE38 /* t3std.h in Headers */ = {isa = PBXBuildFile; fileRef = 556EC5D51025904D007FBE38 /* t3std.h */; };
		556EC5F410259183007FBE38 /* missing.cc in Sources */ = {isa = PBXBuildFile; fileRef = 556EC5F310259183007FBE38 /* missing.cc */; };
		556EC5F610259189007FBE38 /* missing.h in Headers */ = {isa = PBXBuildFile; fileRef = 556EC5F510259189007FBE38 /* missing.h */; };
		556EC6BB1025F149007FBE38 /* t3_hdr in Resources */ = {isa = PBXBuildFile; fileRef = 556EC69C1025F149007FBE38 /* t3_hdr */; };
		5598C9CE102582B9000272CF /* frob in Resources */ = {isa = PBXBuildFile; fileRef = 5598C9CC102582B9000272CF /* frob */; };
		5598C9CF102582B9000272CF /* t3make in Resources */ = {isa = PBXBuildFile; fileRef = 5598C9CD102582B9000272CF /* t3make */; };
/* End PBXBuildFile section */

/* Begin PBXCopyFilesBuildPhase section */
		3DE2EFC90BA0033A00A71444 /* CopyFiles */ = {
			isa = PBXCopyFilesBuildPhase;
			buildActionMask = 12;
			dstPath = "";
			dstSubfolderSpec = 7;
			files = (
				3DE2EFCA0BA0033A00A71444 /* Workbench Help in CopyFiles */,
			);
			runOnlyForDeploymentPostprocessing = 0;
		};
/* End PBXCopyFilesBuildPhase section */

/* Begin PBXFileReference section */
		089C1660FE840EACC02AAC07 /* English */ = {isa = PBXFileReference; fileEncoding = 10; lastKnownFileType = text.plist.strings; name = English; path = English.lproj/InfoPlist.strings; sourceTree = "<group>"; };
		1058C7A7FEA54F5311CA2CBB /* Cocoa.framework */ = {isa = PBXFileReference; lastKnownFileType = wrapper.framework; name = Cocoa.framework; path = /System/Library/Frameworks/Cocoa.framework; sourceTree = "<absolute>"; };
		2A37F4B0FDCFA73011CA2CEA /* main.m */ = {isa = PBXFileReference; fileEncoding = 30; lastKnownFileType = sourcecode.c.objc; path = main.m; sourceTree = "<group>"; };
		2A37F4BAFDCFA73011CA2CEA /* English */ = {isa = PBXFileReference; lastKnownFileType = text.rtf; name = English; path = English.lproj/Credits.rtf; sourceTree = "<group>"; };
		2A37F4C4FDCFA73011CA2CEA /* AppKit.framework */ = {isa = PBXFileReference; lastKnownFileType = wrapper.framework; name = AppKit.framework; path = /System/Library/Frameworks/AppKit.framework; sourceTree = "<absolute>"; };
		2A37F4C5FDCFA73011CA2CEA /* Foundation.framework */ = {isa = PBXFileReference; lastKnownFileType = wrapper.framework; name = Foundation.framework; path = /System/Library/Frameworks/Foundation.framework; sourceTree = "<absolute>"; };
		32DBCF750370BD2300C91783 /* CocoaTADS_Prefix.h */ = {isa = PBXFileReference; fileEncoding = 4; lastKnownFileType = sourcecode.c.h; path = CocoaTADS_Prefix.h; sourceTree = "<group>"; };
		3D02EB02048962D100906F7E /* CocoaTadsAppDelegate.h */ = {isa = PBXFileReference; fileEncoding = 4; lastKnownFileType = sourcecode.c.h; path = CocoaTadsAppDelegate.h; sourceTree = "<group>"; };
		3D02EB03048962D100906F7E /* CocoaTadsAppDelegate.m */ = {isa = PBXFileReference; fileEncoding = 4; lastKnownFileType = sourcecode.c.objc; path = CocoaTadsAppDelegate.m; sourceTree = "<group>"; };
		3D02EE76048966FC00906F7E /* Splash.tiff */ = {isa = PBXFileReference; lastKnownFileType = image.tiff; path = Splash.tiff; sourceTree = "<group>"; };
		3D0ECBBF07459E240085E9A0 /* UKErrorsWindow.h */ = {isa = PBXFileReference; fileEncoding = 4; lastKnownFileType = sourcecode.c.h; path = UKErrorsWindow.h; sourceTree = "<group>"; };
		3D0ECBC007459E240085E9A0 /* UKErrorsWindow.m */ = {isa = PBXFileReference; fileEncoding = 4; lastKnownFileType = sourcecode.c.objc; path = UKErrorsWindow.m; sourceTree = "<group>"; };
		3D0ECD1F0745A7BD0085E9A0 /* UKNibOwner.h */ = {isa = PBXFileReference; fileEncoding = 4; lastKnownFileType = sourcecode.c.h; name = UKNibOwner.h; path = ../UliKit/UKNibOwner.h; sourceTree = "<group>"; };
		3D0ECD200745A7BD0085E9A0 /* UKNibOwner.m */ = {isa = PBXFileReference; fileEncoding = 4; lastKnownFileType = sourcecode.c.objc; name = UKNibOwner.m; path = ../UliKit/UKNibOwner.m; sourceTree = "<group>"; };
		3D0ECD3C0745A9780085E9A0 /* English */ = {isa = PBXFileReference; lastKnownFileType = wrapper.nib; name = English; path = English.lproj/UKErrorsWindow.nib; sourceTree = "<group>"; };
		3D0ECD520745AEFA0085E9A0 /* MacPAD.url */ = {isa = PBXFileReference; fileEncoding = 30; lastKnownFileType = text; path = MacPAD.url; sourceTree = "<group>"; };
		3D1705B805D9990800B50FB4 /* Message.framework */ = {isa = PBXFileReference; lastKnownFileType = wrapper.framework; name = Message.framework; path = /System/Library/Frameworks/Message.framework; sourceTree = "<absolute>"; };
		3D1861970487CB8C00098381 /* ErrorListEntry.h */ = {isa = PBXFileReference; fileEncoding = 4; lastKnownFileType = sourcecode.c.h; path = ErrorListEntry.h; sourceTree = "<group>"; };
		3D1861980487CB8C00098381 /* ErrorListEntry.m */ = {isa = PBXFileReference; fileEncoding = 4; lastKnownFileType = sourcecode.c.objc; path = ErrorListEntry.m; sourceTree = "<group>"; };
		3D2650280487EEB6002EC4C7 /* NoteIcon.icns */ = {isa = PBXFileReference; lastKnownFileType = image.icns; path = NoteIcon.icns; sourceTree = "<group>"; };
		3D3FB3E607EB3690003751D4 /* Workbench Help */ = {isa = PBXFileReference; lastKnownFileType = folder; path = "Workbench Help"; sourceTree = "<group>"; };
		3D6D9C6405D97C3500FC1C62 /* SyntaxColorDefaults.plist */ = {isa = PBXFileReference; fileEncoding = 30; lastKnownFileType = text.plist.xml; name = SyntaxColorDefaults.plist; path = ../UKSyntaxColoredTextDocument/SyntaxColorDefaults.plist; sourceTree = "<group>"; };
		3D6D9C6705D97C5E00FC1C62 /* SyntaxDefinition.plist */ = {isa = PBXFileReference; fileEncoding = 30; lastKnownFileType = text.plist.xml; path = SyntaxDefinition.plist; sourceTree = "<group>"; };
		3D95BD9004898FA8009806D1 /* RunTadsScript.txt */ = {isa = PBXFileReference; fileEncoding = 4; lastKnownFileType = text; path = RunTadsScript.txt; sourceTree = "<group>"; };
		3D95BD9204899187009806D1 /* DebugTadsScript.txt */ = {isa = PBXFileReference; fileEncoding = 30; lastKnownFileType = text; path = DebugTadsScript.txt; sourceTree = "<group>"; };
		3DB36B0B0722E98F00B55A21 /* UKBorderlessWindow.h */ = {isa = PBXFileReference; fileEncoding = 30; lastKnownFileType = sourcecode.c.h; path = UKBorderlessWindow.h; sourceTree = "<group>"; };
		3DB36B0C0722E98F00B55A21 /* UKBorderlessWindow.m */ = {isa = PBXFileReference; fileEncoding = 30; lastKnownFileType = sourcecode.c.objc; path = UKBorderlessWindow.m; sourceTree = "<group>"; };
		3DB49BCF05DCFED4003FBB98 /* ProjectTextDocument.h */ = {isa = PBXFileReference; fileEncoding = 4; lastKnownFileType = sourcecode.c.h; path = ProjectTextDocument.h; sourceTree = "<group>"; };
		3DB49BD005DCFED4003FBB98 /* ProjectTextDocument.m */ = {isa = PBXFileReference; fileEncoding = 4; lastKnownFileType = sourcecode.c.objc; path = ProjectTextDocument.m; sourceTree = "<group>"; };
		3DB49BD505DD1FD3003FBB98 /* BrokenDocIcon.tiff */ = {isa = PBXFileReference; lastKnownFileType = image.tiff; path = BrokenDocIcon.tiff; sourceTree = "<group>"; };
		3DB688F4071147940099B94D /* UKFeedbackProvider.m */ = {isa = PBXFileReference; fileEncoding = 30; lastKnownFileType = sourcecode.c.objc; path = UKFeedbackProvider.m; sourceTree = "<group>"; };
		3DB688F5071147940099B94D /* UKUpdateChecker.m */ = {isa = PBXFileReference; fileEncoding = 30; lastKnownFileType = sourcecode.c.objc; path = UKUpdateChecker.m; sourceTree = "<group>"; };
		3DB688F6071147940099B94D /* UKUpdateChecker.h */ = {isa = PBXFileReference; fileEncoding = 30; lastKnownFileType = sourcecode.c.h; path = UKUpdateChecker.h; sourceTree = "<group>"; };
		3DB688F7071147940099B94D /* UKFeedbackProvider.h */ = {isa = PBXFileReference; fileEncoding = 30; lastKnownFileType = sourcecode.c.h; path = UKFeedbackProvider.h; sourceTree = "<group>"; };
		3DB68902071147D90099B94D /* English */ = {isa = PBXFileReference; lastKnownFileType = wrapper.nib; name = English; path = ../UliKit/English.lproj/UKFeedbackProvider.nib; sourceTree = "<group>"; };
		3DB68907071147F00099B94D /* English */ = {isa = PBXFileReference; fileEncoding = 30; lastKnownFileType = text.plist.strings; name = English; path = ../UliKit/English.lproj/UKUpdateChecker.strings; sourceTree = "<group>"; };
		3DBF22CA048B797900000202 /* Preferences.plist */ = {isa = PBXFileReference; fileEncoding = 30; lastKnownFileType = text.plist; path = Preferences.plist; sourceTree = SOURCE_ROOT; };
		3DC5E3240486D0B2009225F9 /* English */ = {isa = PBXFileReference; fileEncoding = 4; lastKnownFileType = text; name = English; path = English.lproj/TopComment.txt; sourceTree = "<group>"; };
		3DC5E3260486D165009225F9 /* OtherConfig.txt */ = {isa = PBXFileReference; fileEncoding = 30; lastKnownFileType = text; path = OtherConfig.txt; sourceTree = "<group>"; };
		3DC5E3270486D165009225F9 /* English */ = {isa = PBXFileReference; fileEncoding = 30; lastKnownFileType = text; name = English; path = English.lproj/SourcesComment.txt; sourceTree = "<group>"; };
		3DC5E3280486D165009225F9 /* OtherOptions.txt */ = {isa = PBXFileReference; fileEncoding = 30; lastKnownFileType = text; path = OtherOptions.txt; sourceTree = "<group>"; };
		3DC5E32C0486D291009225F9 /* English */ = {isa = PBXFileReference; fileEncoding = 4; lastKnownFileType = text.plist.strings; name = English; path = English.lproj/Localizable.strings; sourceTree = "<group>"; };
		3DC5E42C0486FF16009225F9 /* ErrorIcon.icns */ = {isa = PBXFileReference; lastKnownFileType = image.icns; path = ErrorIcon.icns; sourceTree = SOURCE_ROOT; };
		3DC5E42F0486FF64009225F9 /* WarningIcon.icns */ = {isa = PBXFileReference; lastKnownFileType = image.icns; path = WarningIcon.icns; sourceTree = SOURCE_ROOT; };
		3DCB1AA804835DCD00EF1DCB /* ProjectDocument.h */ = {isa = PBXFileReference; fileEncoding = 30; lastKnownFileType = sourcecode.c.h; path = ProjectDocument.h; sourceTree = "<group>"; };
		3DCB1AA904835DCD00EF1DCB /* NSTadsOptFileHelper.h */ = {isa = PBXFileReference; fileEncoding = 30; lastKnownFileType = sourcecode.c.h; path = NSTadsOptFileHelper.h; sourceTree = "<group>"; };
		3DCB1AAA04835DCD00EF1DCB /* ProjectDocument.m */ = {isa = PBXFileReference; fileEncoding = 30; lastKnownFileType = sourcecode.c.objc; path = ProjectDocument.m; sourceTree = "<group>"; };
		3DCB1AAB04835DCD00EF1DCB /* NSTadsOptFileHelper.mm */ = {isa = PBXFileReference; fileEncoding = 30; lastKnownFileType = sourcecode.cpp.objcpp; path = NSTadsOptFileHelper.mm; sourceTree = "<group>"; };
		3DCB1AB504835EF800EF1DCB /* osgen.h */ = {isa = PBXFileReference; fileEncoding = 30; lastKnownFileType = sourcecode.c.h; name = osgen.h; path = frobtads/tads2/osgen.h; sourceTree = "<group>"; };
		3DCB1AB604835EF800EF1DCB /* osgen3.c */ = {isa = PBXFileReference; fileEncoding = 30; lastKnownFileType = sourcecode.c.c; name = osgen3.c; path = frobtads/tads2/osgen3.c; sourceTree = "<group>"; };
		3DCB1AB704835EF800EF1DCB /* osifc.c */ = {isa = PBXFileReference; fileEncoding = 30; lastKnownFileType = sourcecode.c.c; name = osifc.c; path = frobtads/tads2/osifc.c; sourceTree = "<group>"; };
		3DCB1AB804835EF800EF1DCB /* osifc.h */ = {isa = PBXFileReference; fileEncoding = 30; lastKnownFileType = sourcecode.c.h; name = osifc.h; path = frobtads/tads2/osifc.h; sourceTree = "<group>"; };
		3DCB1ABD04835F0A00EF1DCB /* osportable.cc */ = {isa = PBXFileReference; fileEncoding = 30; lastKnownFileType = sourcecode.cpp.cpp; name = osportable.cc; path = frobtads/src/osportable.cc; sourceTree = "<group>"; };
		3DCB1ABE04835F0A00EF1DCB /* osunixt.h */ = {isa = PBXFileReference; fileEncoding = 30; lastKnownFileType = sourcecode.c.h; name = osunixt.h; path = frobtads/src/osunixt.h; sourceTree = "<group>"; };
		3DCB1AC504835F7000EF1DCB /* tccmdutl.cpp */ = {isa = PBXFileReference; fileEncoding = 30; lastKnownFileType = sourcecode.cpp.cpp; name = tccmdutl.cpp; path = frobtads/t3compiler/tads3/tccmdutl.cpp; sourceTree = "<group>"; };
		3DCB1AC704835F7D00EF1DCB /* tccmdutl.h */ = {isa = PBXFileReference; fileEncoding = 30; lastKnownFileType = sourcecode.c.h; name = tccmdutl.h; path = frobtads/t3compiler/tads3/tccmdutl.h; sourceTree = "<group>"; };
		3DD0655F0745C39100C18AE2 /* NSFileHandle+AppendToStringAndNotify.m */ = {isa = PBXFileReference; fileEncoding = 30; lastKnownFileType = sourcecode.c.objc; path = "NSFileHandle+AppendToStringAndNotify.m"; sourceTree = "<group>"; };
		3DD065610745C39700C18AE2 /* NSFileHandle+AppendToStringAndNotify.h */ = {isa = PBXFileReference; fileEncoding = 30; lastKnownFileType = sourcecode.c.h; path = "NSFileHandle+AppendToStringAndNotify.h"; sourceTree = "<group>"; };
		3DD065A00745C9AE00C18AE2 /* NSString+FetchNextLine.m */ = {isa = PBXFileReference; fileEncoding = 30; lastKnownFileType = sourcecode.c.objc; path = "NSString+FetchNextLine.m"; sourceTree = "<group>"; };
		3DD065A20745C9B500C18AE2 /* NSString+FetchNextLine.h */ = {isa = PBXFileReference; fileEncoding = 30; lastKnownFileType = sourcecode.c.h; path = "NSString+FetchNextLine.h"; sourceTree = "<group>"; };
		3DD0661707465B7F00C18AE2 /* Suitcase.icns */ = {isa = PBXFileReference; lastKnownFileType = image.icns; path = Suitcase.icns; sourceTree = "<group>"; };
		3DDC3AD50486337200AFFA7A /* README.txt */ = {isa = PBXFileReference; fileEncoding = 4; lastKnownFileType = text; path = README.txt; sourceTree = "<group>"; };
		3DE01E590655A2A600D8F491 /* UKSCTDUserIdentifiersPrefsController.h */ = {isa = PBXFileReference; fileEncoding = 30; lastKnownFileType = sourcecode.c.h; name = UKSCTDUserIdentifiersPrefsController.h; path = ../UKSyntaxColoredTextDocument/UKSCTDUserIdentifiersPrefsController.h; sourceTree = "<group>"; };
		3DE01E5A0655A2A600D8F491 /* UKSyntaxColoredTextDocument.m */ = {isa = PBXFileReference; fileEncoding = 30; lastKnownFileType = sourcecode.c.objc; name = UKSyntaxColoredTextDocument.m; path = ../UKSyntaxColoredTextDocument/UKSyntaxColoredTextDocument.m; sourceTree = "<group>"; };
		3DE01E5B0655A2A600D8F491 /* UKSyntaxColoredTextDocument.h */ = {isa = PBXFileReference; fileEncoding = 30; lastKnownFileType = sourcecode.c.h; name = UKSyntaxColoredTextDocument.h; path = ../UKSyntaxColoredTextDocument/UKSyntaxColoredTextDocument.h; sourceTree = "<group>"; };
		3DE01E5C0655A2A600D8F491 /* UKSCTDUserIdentifiersPrefsController.m */ = {isa = PBXFileReference; fileEncoding = 30; lastKnownFileType = sourcecode.c.objc; name = UKSCTDUserIdentifiersPrefsController.m; path = ../UKSyntaxColoredTextDocument/UKSCTDUserIdentifiersPrefsController.m; sourceTree = "<group>"; };
		3DE01E5D0655A2A600D8F491 /* UKSCTDColorWellPrefsController.m */ = {isa = PBXFileReference; fileEncoding = 30; lastKnownFileType = sourcecode.c.objc; name = UKSCTDColorWellPrefsController.m; path = ../UKSyntaxColoredTextDocument/UKSCTDColorWellPrefsController.m; sourceTree = "<group>"; };
		3DE01E5E0655A2A600D8F491 /* UKSCTDColorWellPrefsController.h */ = {isa = PBXFileReference; fileEncoding = 30; lastKnownFileType = sourcecode.c.h; name = UKSCTDColorWellPrefsController.h; path = ../UKSyntaxColoredTextDocument/UKSCTDColorWellPrefsController.h; sourceTree = "<group>"; };
		3DE01E650655A2F000D8F491 /* NSScanner+SkipUpToCharset.h */ = {isa = PBXFileReference; fileEncoding = 30; lastKnownFileType = sourcecode.c.h; name = "NSScanner+SkipUpToCharset.h"; path = "../UKSyntaxColoredTextDocument/NSScanner+SkipUpToCharset.h"; sourceTree = "<group>"; };
		3DE01E660655A2F000D8F491 /* NSArray+Color.m */ = {isa = PBXFileReference; fileEncoding = 30; lastKnownFileType = sourcecode.c.objc; name = "NSArray+Color.m"; path = "../UKSyntaxColoredTextDocument/NSArray+Color.m"; sourceTree = "<group>"; };
		3DE01E670655A2F000D8F491 /* NSArray+Color.h */ = {isa = PBXFileReference; fileEncoding = 30; lastKnownFileType = sourcecode.c.h; name = "NSArray+Color.h"; path = "../UKSyntaxColoredTextDocument/NSArray+Color.h"; sourceTree = "<group>"; };
		3DE01E680655A2F000D8F491 /* NSScanner+SkipUpToCharset.m */ = {isa = PBXFileReference; fileEncoding = 30; lastKnownFileType = sourcecode.c.objc; name = "NSScanner+SkipUpToCharset.m"; path = "../UKSyntaxColoredTextDocument/NSScanner+SkipUpToCharset.m"; sourceTree = "<group>"; };
		3DE01E690655A2F000D8F491 /* UKTextDocGoToBox.m */ = {isa = PBXFileReference; fileEncoding = 30; lastKnownFileType = sourcecode.c.objc; name = UKTextDocGoToBox.m; path = ../UKSyntaxColoredTextDocument/UKTextDocGoToBox.m; sourceTree = "<group>"; };
		3DE01E6A0655A2F000D8F491 /* UKTextDocGotoBox.h */ = {isa = PBXFileReference; fileEncoding = 30; lastKnownFileType = sourcecode.c.h; name = UKTextDocGotoBox.h; path = ../UKSyntaxColoredTextDocument/UKTextDocGotoBox.h; sourceTree = "<group>"; };
		3DE01E710655A51A00D8F491 /* SelectionRange.tiff */ = {isa = PBXFileReference; lastKnownFileType = image.tiff; name = SelectionRange.tiff; path = ../UKSyntaxColoredTextDocument/SelectionRange.tiff; sourceTree = "<group>"; };
		3DE01E720655A51A00D8F491 /* InsertionMark.tiff */ = {isa = PBXFileReference; lastKnownFileType = image.tiff; name = InsertionMark.tiff; path = ../UKSyntaxColoredTextDocument/InsertionMark.tiff; sourceTree = "<group>"; };
		3DE2EFD20BA0033A00A71444 /* Info-CocoaTADS__Upgraded_.plist */ = {isa = PBXFileReference; lastKnownFileType = text.plist.xml; path = "Info-CocoaTADS__Upgraded_.plist"; sourceTree = "<group>"; };
		3DE2EFD30BA0033A00A71444 /* Workbench.app */ = {isa = PBXFileReference; explicitFileType = wrapper.application; includeInIndex = 0; path = Workbench.app; sourceTree = BUILT_PRODUCTS_DIR; };
		3DFB25640484120E006ACD61 /* TadsDummies.c */ = {isa = PBXFileReference; fileEncoding = 4; lastKnownFileType = sourcecode.c.c; path = TadsDummies.c; sourceTree = "<group>"; };
		3DFB2567048413B8006ACD61 /* osifctyp.h */ = {isa = PBXFileReference; fileEncoding = 30; lastKnownFileType = sourcecode.c.h; name = osifctyp.h; path = frobtads/tads2/osifctyp.h; sourceTree = "<group>"; };
		3DFB257E04841572006ACD61 /* UKSyntaxColoredTextDocument.nib */ = {isa = PBXFileReference; lastKnownFileType = wrapper.nib; name = UKSyntaxColoredTextDocument.nib; path = ../UKSyntaxColoredTextDocument/English.lproj/UKSyntaxColoredTextDocument.nib; sourceTree = "<group>"; };
		3DFB258004841572006ACD61 /* English */ = {isa = PBXFileReference; lastKnownFileType = wrapper.nib; name = English; path = English.lproj/ProjectDocument.nib; sourceTree = "<group>"; };
		3DFB258404841595006ACD61 /* DocIcon.icns */ = {isa = PBXFileReference; lastKnownFileType = image.icns; path = DocIcon.icns; sourceTree = "<group>"; };
		3DFB258504841595006ACD61 /* SourceIcon.icns */ = {isa = PBXFileReference; lastKnownFileType = image.icns; path = SourceIcon.icns; sourceTree = "<group>"; };
		3DFB258604841595006ACD61 /* AppIcon.icns */ = {isa = PBXFileReference; lastKnownFileType = image.icns; path = AppIcon.icns; sourceTree = "<group>"; };
		3DFB258704841596006ACD61 /* Folder.icns */ = {isa = PBXFileReference; lastKnownFileType = image.icns; path = Folder.icns; sourceTree = "<group>"; };
		3DFB258D04841692006ACD61 /* English */ = {isa = PBXFileReference; lastKnownFileType = wrapper.nib; name = English; path = English.lproj/MainMenu.nib; sourceTree = "<group>"; };
		556EBBCC102584B4007FBE38 /* t3doc */ = {isa = PBXFileReference; lastKnownFileType = folder; path = t3doc; sourceTree = "<group>"; };
		556EC571102584D0007FBE38 /* lib */ = {isa = PBXFileReference; lastKnownFileType = folder; name = lib; path = adv3/lib; sourceTree = "<group>"; };
		556EC57F10258586007FBE38 /* wchar.h */ = {isa = PBXFileReference; fileEncoding = 4; lastKnownFileType = sourcecode.c.h; name = wchar.h; path = frobtads/src/wchar/wchar.h; sourceTree = "<group>"; };
		556EC59410258792007FBE38 /* osfrobtads.h */ = {isa = PBXFileReference; fileEncoding = 4; lastKnownFileType = sourcecode.c.h; name = osfrobtads.h; path = frobtads/src/osfrobtads.h; sourceTree = "<group>"; };
		556EC5D51025904D007FBE38 /* t3std.h */ = {isa = PBXFileReference; fileEncoding = 4; lastKnownFileType = sourcecode.c.h; name = t3std.h; path = frobtads/tads3/t3std.h; sourceTree = "<group>"; };
		556EC5F310259183007FBE38 /* missing.cc */ = {isa = PBXFileReference; fileEncoding = 4; lastKnownFileType = sourcecode.cpp.cpp; name = missing.cc; path = frobtads/src/missing.cc; sourceTree = "<group>"; };
		556EC5F510259189007FBE38 /* missing.h */ = {isa = PBXFileReference; fileEncoding = 4; lastKnownFileType = sourcecode.c.h; name = missing.h; path = frobtads/src/missing.h; sourceTree = "<group>"; };
		556EC69C1025F149007FBE38 /* t3_hdr */ = {isa = PBXFileReference; lastKnownFileType = folder; path = t3_hdr; sourceTree = "<group>"; };
		5598C9CC102582B9000272CF /* frob */ = {isa = PBXFileReference; lastKnownFileType = "compiled.mach-o.executable"; name = frob; path = frobtads/frob; sourceTree = "<group>"; };
		5598C9CD102582B9000272CF /* t3make */ = {isa = PBXFileReference; lastKnownFileType = "compiled.mach-o.executable"; name = t3make; path = frobtads/t3make; sourceTree = "<group>"; };
/* End PBXFileReference section */

/* Begin PBXFrameworksBuildPhase section */
		3DE2EFC60BA0033A00A71444 /* Frameworks */ = {
			isa = PBXFrameworksBuildPhase;
			buildActionMask = 2147483647;
			files = (
				3DE2EFC70BA0033A00A71444 /* Cocoa.framework in Frameworks */,
				3DE2EFC80BA0033A00A71444 /* Message.framework in Frameworks */,
			);
			runOnlyForDeploymentPostprocessing = 0;
		};
/* End PBXFrameworksBuildPhase section */

/* Begin PBXGroup section */
		1058C7A6FEA54F5311CA2CBB /* Linked Frameworks */ = {
			isa = PBXGroup;
			children = (
				1058C7A7FEA54F5311CA2CBB /* Cocoa.framework */,
				3D1705B805D9990800B50FB4 /* Message.framework */,
			);
			name = "Linked Frameworks";
			sourceTree = "<group>";
		};
		1058C7A8FEA54F5311CA2CBB /* Other Frameworks */ = {
			isa = PBXGroup;
			children = (
				2A37F4C5FDCFA73011CA2CEA /* Foundation.framework */,
				2A37F4C4FDCFA73011CA2CEA /* AppKit.framework */,
			);
			name = "Other Frameworks";
			sourceTree = "<group>";
		};
		19C28FB0FE9D524F11CA2CBB /* Products */ = {
			isa = PBXGroup;
			children = (
				3DE2EFD30BA0033A00A71444 /* Workbench.app */,
			);
			name = Products;
			sourceTree = "<group>";
		};
		2A37F4AAFDCFA73011CA2CEA /* CocoaTADS */ = {
			isa = PBXGroup;
			children = (
				3DDC3AD50486337200AFFA7A /* README.txt */,
				2A37F4ABFDCFA73011CA2CEA /* Classes */,
				3DCB1AB404835EDA00EF1DCB /* TADS */,
				2A37F4AFFDCFA73011CA2CEA /* Other Sources */,
				2A37F4B8FDCFA73011CA2CEA /* Resources */,
				2A37F4C3FDCFA73011CA2CEA /* Frameworks */,
				19C28FB0FE9D524F11CA2CBB /* Products */,
			);
			name = CocoaTADS;
			sourceTree = "<group>";
		};
		2A37F4ABFDCFA73011CA2CEA /* Classes */ = {
			isa = PBXGroup;
			children = (
				3D02EB02048962D100906F7E /* CocoaTadsAppDelegate.h */,
				3D02EB03048962D100906F7E /* CocoaTadsAppDelegate.m */,
				3DCB1AA804835DCD00EF1DCB /* ProjectDocument.h */,
				3DCB1AAA04835DCD00EF1DCB /* ProjectDocument.m */,
				3DB49BCF05DCFED4003FBB98 /* ProjectTextDocument.h */,
				3DB49BD005DCFED4003FBB98 /* ProjectTextDocument.m */,
				3DCB1AA904835DCD00EF1DCB /* NSTadsOptFileHelper.h */,
				3DCB1AAB04835DCD00EF1DCB /* NSTadsOptFileHelper.mm */,
				3DD064680745B05C00C18AE2 /* Error List */,
				3D88948505D9BFCF00D9A7C7 /* UKSyntaxColoredTextDocument */,
				3D88948805D9BFDC00D9A7C7 /* UliKit */,
			);
			name = Classes;
			sourceTree = "<group>";
		};
		2A37F4AFFDCFA73011CA2CEA /* Other Sources */ = {
			isa = PBXGroup;
			children = (
				556EC57F10258586007FBE38 /* wchar.h */,
				3DFB25640484120E006ACD61 /* TadsDummies.c */,
				32DBCF750370BD2300C91783 /* CocoaTADS_Prefix.h */,
				2A37F4B0FDCFA73011CA2CEA /* main.m */,
			);
			name = "Other Sources";
			sourceTree = "<group>";
		};
		2A37F4B8FDCFA73011CA2CEA /* Resources */ = {
			isa = PBXGroup;
			children = (
				5598C9CC102582B9000272CF /* frob */,
				5598C9CD102582B9000272CF /* t3make */,
				556EBBCC102584B4007FBE38 /* t3doc */,
				556EC69C1025F149007FBE38 /* t3_hdr */,
				556EC571102584D0007FBE38 /* lib */,
				3D6D9C6405D97C3500FC1C62 /* SyntaxColorDefaults.plist */,
				3D6D9C6705D97C5E00FC1C62 /* SyntaxDefinition.plist */,
				3DB68906071147F00099B94D /* UKUpdateChecker.strings */,
				3DE01E710655A51A00D8F491 /* SelectionRange.tiff */,
				3DE01E720655A51A00D8F491 /* InsertionMark.tiff */,
				3DFB258C04841692006ACD61 /* MainMenu.nib */,
				3DFB257F04841572006ACD61 /* ProjectDocument.nib */,
				3DFB257D04841572006ACD61 /* UKSyntaxColoredTextDocument.nib */,
				3DB68901071147D90099B94D /* UKFeedbackProvider.nib */,
				3D0ECD3B0745A9780085E9A0 /* UKErrorsWindow.nib */,
				3D02EE76048966FC00906F7E /* Splash.tiff */,
				3DFB258404841595006ACD61 /* DocIcon.icns */,
				3DFB258504841595006ACD61 /* SourceIcon.icns */,
				3DFB258604841595006ACD61 /* AppIcon.icns */,
				3DD0661707465B7F00C18AE2 /* Suitcase.icns */,
				3DFB258704841596006ACD61 /* Folder.icns */,
				3DC5E42F0486FF64009225F9 /* WarningIcon.icns */,
				3DC5E42C0486FF16009225F9 /* ErrorIcon.icns */,
				3D2650280487EEB6002EC4C7 /* NoteIcon.icns */,
				3DB49BD505DD1FD3003FBB98 /* BrokenDocIcon.tiff */,
				2A37F4B9FDCFA73011CA2CEA /* Credits.rtf */,
				089C165FFE840EACC02AAC07 /* InfoPlist.strings */,
				3DC5E3320486D3B2009225F9 /* Localizable.strings */,
				3DC5E32E0486D2AF009225F9 /* TopComment.txt */,
				3DC5E3300486D2B6009225F9 /* SourcesComment.txt */,
				3DC5E3280486D165009225F9 /* OtherOptions.txt */,
				3DC5E3260486D165009225F9 /* OtherConfig.txt */,
				3D95BD9004898FA8009806D1 /* RunTadsScript.txt */,
				3D95BD9204899187009806D1 /* DebugTadsScript.txt */,
				3DBF22CA048B797900000202 /* Preferences.plist */,
				3D0ECD520745AEFA0085E9A0 /* MacPAD.url */,
				3DE2EFD20BA0033A00A71444 /* Info-CocoaTADS__Upgraded_.plist */,
				3D3FB3E607EB3690003751D4 /* Workbench Help */,
			);
			name = Resources;
			sourceTree = "<group>";
		};
		2A37F4C3FDCFA73011CA2CEA /* Frameworks */ = {
			isa = PBXGroup;
			children = (
				1058C7A6FEA54F5311CA2CBB /* Linked Frameworks */,
				1058C7A8FEA54F5311CA2CBB /* Other Frameworks */,
			);
			name = Frameworks;
			sourceTree = "<group>";
		};
		3D88948505D9BFCF00D9A7C7 /* UKSyntaxColoredTextDocument */ = {
			isa = PBXGroup;
			children = (
				3DE01E670655A2F000D8F491 /* NSArray+Color.h */,
				3DE01E660655A2F000D8F491 /* NSArray+Color.m */,
				3DE01E650655A2F000D8F491 /* NSScanner+SkipUpToCharset.h */,
				3DE01E680655A2F000D8F491 /* NSScanner+SkipUpToCharset.m */,
				3DE01E5E0655A2A600D8F491 /* UKSCTDColorWellPrefsController.h */,
				3DE01E5D0655A2A600D8F491 /* UKSCTDColorWellPrefsController.m */,
				3DE01E590655A2A600D8F491 /* UKSCTDUserIdentifiersPrefsController.h */,
				3DE01E5C0655A2A600D8F491 /* UKSCTDUserIdentifiersPrefsController.m */,
				3DE01E5B0655A2A600D8F491 /* UKSyntaxColoredTextDocument.h */,
				3DE01E5A0655A2A600D8F491 /* UKSyntaxColoredTextDocument.m */,
				3DE01E6A0655A2F000D8F491 /* UKTextDocGotoBox.h */,
				3DE01E690655A2F000D8F491 /* UKTextDocGoToBox.m */,
			);
			name = UKSyntaxColoredTextDocument;
			sourceTree = "<group>";
		};
		3D88948805D9BFDC00D9A7C7 /* UliKit */ = {
			isa = PBXGroup;
			children = (
				3DB36B0B0722E98F00B55A21 /* UKBorderlessWindow.h */,
				3DB36B0C0722E98F00B55A21 /* UKBorderlessWindow.m */,
				3DB688F7071147940099B94D /* UKFeedbackProvider.h */,
				3DB688F4071147940099B94D /* UKFeedbackProvider.m */,
				3DB688F6071147940099B94D /* UKUpdateChecker.h */,
				3DB688F5071147940099B94D /* UKUpdateChecker.m */,
				3DD065610745C39700C18AE2 /* NSFileHandle+AppendToStringAndNotify.h */,
				3DD0655F0745C39100C18AE2 /* NSFileHandle+AppendToStringAndNotify.m */,
				3DD065A20745C9B500C18AE2 /* NSString+FetchNextLine.h */,
				3DD065A00745C9AE00C18AE2 /* NSString+FetchNextLine.m */,
			);
			name = UliKit;
			path = ../UliKit;
			sourceTree = "<group>";
		};
		3DCB1AB404835EDA00EF1DCB /* TADS */ = {
			isa = PBXGroup;
			children = (
				3DFB2567048413B8006ACD61 /* osifctyp.h */,
				3DCB1AB504835EF800EF1DCB /* osgen.h */,
				3DCB1AB604835EF800EF1DCB /* osgen3.c */,
				3DCB1AB704835EF800EF1DCB /* osifc.c */,
				3DCB1AB804835EF800EF1DCB /* osifc.h */,
				3DCB1ABD04835F0A00EF1DCB /* osportable.cc */,
				3DCB1ABE04835F0A00EF1DCB /* osunixt.h */,
				3DCB1AC504835F7000EF1DCB /* tccmdutl.cpp */,
				3DCB1AC704835F7D00EF1DCB /* tccmdutl.h */,
				556EC59410258792007FBE38 /* osfrobtads.h */,
				556EC5D51025904D007FBE38 /* t3std.h */,
				556EC5F510259189007FBE38 /* missing.h */,
				556EC5F310259183007FBE38 /* missing.cc */,
			);
			name = TADS;
			sourceTree = "<group>";
		};
		3DD064680745B05C00C18AE2 /* Error List */ = {
			isa = PBXGroup;
			children = (
				3D0ECBBF07459E240085E9A0 /* UKErrorsWindow.h */,
				3D0ECBC007459E240085E9A0 /* UKErrorsWindow.m */,
				3D1861970487CB8C00098381 /* ErrorListEntry.h */,
				3D1861980487CB8C00098381 /* ErrorListEntry.m */,
				3D0ECD1F0745A7BD0085E9A0 /* UKNibOwner.h */,
				3D0ECD200745A7BD0085E9A0 /* UKNibOwner.m */,
			);
			name = "Error List";
			sourceTree = "<group>";
		};
/* End PBXGroup section */

/* Begin PBXHeadersBuildPhase section */
		3DE2EF6B0BA0033A00A71444 /* Headers */ = {
			isa = PBXHeadersBuildPhase;
			buildActionMask = 2147483647;
			files = (
				3DE2EF6C0BA0033A00A71444 /* CocoaTADS_Prefix.h in Headers */,
				3DE2EF6D0BA0033A00A71444 /* ProjectDocument.h in Headers */,
				3DE2EF6E0BA0033A00A71444 /* NSTadsOptFileHelper.h in Headers */,
				3DE2EF700BA0033A00A71444 /* osgen.h in Headers */,
				3DE2EF710BA0033A00A71444 /* osifc.h in Headers */,
				3DE2EF720BA0033A00A71444 /* osunixt.h in Headers */,
				3DE2EF730BA0033A00A71444 /* tccmdutl.h in Headers */,
				3DE2EF740BA0033A00A71444 /* osifctyp.h in Headers */,
				3DE2EF750BA0033A00A71444 /* ErrorListEntry.h in Headers */,
				3DE2EF760BA0033A00A71444 /* CocoaTadsAppDelegate.h in Headers */,
				3DE2EF780BA0033A00A71444 /* ProjectTextDocument.h in Headers */,
				3DE2EF790BA0033A00A71444 /* UKSCTDUserIdentifiersPrefsController.h in Headers */,
				3DE2EF7A0BA0033A00A71444 /* UKSyntaxColoredTextDocument.h in Headers */,
				3DE2EF7B0BA0033A00A71444 /* UKSCTDColorWellPrefsController.h in Headers */,
				3DE2EF7C0BA0033A00A71444 /* NSScanner+SkipUpToCharset.h in Headers */,
				3DE2EF7D0BA0033A00A71444 /* NSArray+Color.h in Headers */,
				3DE2EF7E0BA0033A00A71444 /* UKTextDocGotoBox.h in Headers */,
				3DE2EF7F0BA0033A00A71444 /* UKUpdateChecker.h in Headers */,
				3DE2EF800BA0033A00A71444 /* UKFeedbackProvider.h in Headers */,
				3DE2EF810BA0033A00A71444 /* UKBorderlessWindow.h in Headers */,
				3DE2EF820BA0033A00A71444 /* UKErrorsWindow.h in Headers */,
				3DE2EF830BA0033A00A71444 /* UKNibOwner.h in Headers */,
				3DE2EF840BA0033A00A71444 /* NSFileHandle+AppendToStringAndNotify.h in Headers */,
				3DE2EF850BA0033A00A71444 /* NSString+FetchNextLine.h in Headers */,
				556EC58010258586007FBE38 /* wchar.h in Headers */,
				556EC59510258792007FBE38 /* osfrobtads.h in Headers */,
				556EC5D61025904D007FBE38 /* t3std.h in Headers */,
				556EC5F610259189007FBE38 /* missing.h in Headers */,
			);
			runOnlyForDeploymentPostprocessing = 0;
		};
/* End PBXHeadersBuildPhase section */

/* Begin PBXNativeTarget section */
		3DE2EF690BA0033A00A71444 /* CocoaTADS */ = {
			isa = PBXNativeTarget;
			buildConfigurationList = 3DE2EFCE0BA0033A00A71444 /* Build configuration list for PBXNativeTarget "CocoaTADS" */;
			buildPhases = (
				5598C9BA10258163000272CF /* Build FrobTADS */,
				3DE2EF6A0BA0033A00A71444 /* Remove SVN Folders */,
				3DE2EF6B0BA0033A00A71444 /* Headers */,
				3DE2EF860BA0033A00A71444 /* Resources */,
				3DE2EFC90BA0033A00A71444 /* CopyFiles */,
				5598C9C210258232000272CF /* Index Help */,
				3DE2EFAB0BA0033A00A71444 /* Sources */,
				3DE2EFC60BA0033A00A71444 /* Frameworks */,
			);
			buildRules = (
			);
			dependencies = (
			);
			name = CocoaTADS;
			productInstallPath = "$(HOME)/Applications";
			productName = CocoaTADS;
			productReference = 3DE2EFD30BA0033A00A71444 /* Workbench.app */;
			productType = "com.apple.product-type.application";
		};
/* End PBXNativeTarget section */

/* Begin PBXProject section */
		2A37F4A9FDCFA73011CA2CEA /* Project object */ = {
			isa = PBXProject;
			buildConfigurationList = 3D77755209C119DA00F1FADB /* Build configuration list for PBXProject "CocoaTADS" */;
			compatibilityVersion = "Xcode 2.4";
			hasScannedForEncodings = 1;
			mainGroup = 2A37F4AAFDCFA73011CA2CEA /* CocoaTADS */;
			projectDirPath = "";
			projectRoot = "";
			targets = (
				3DE2EF690BA0033A00A71444 /* CocoaTADS */,
			);
		};
/* End PBXProject section */

/* Begin PBXResourcesBuildPhase section */
		3DE2EF860BA0033A00A71444 /* Resources */ = {
			isa = PBXResourcesBuildPhase;
			buildActionMask = 2147483647;
			files = (
				3DE2EF870BA0033A00A71444 /* Credits.rtf in Resources */,
				3DE2EF880BA0033A00A71444 /* InfoPlist.strings in Resources */,
				3DE2EF890BA0033A00A71444 /* UKSyntaxColoredTextDocument.nib in Resources */,
				3DE2EF8A0BA0033A00A71444 /* ProjectDocument.nib in Resources */,
				3DE2EF8B0BA0033A00A71444 /* DocIcon.icns in Resources */,
				3DE2EF8C0BA0033A00A71444 /* SourceIcon.icns in Resources */,
				3DE2EF8D0BA0033A00A71444 /* AppIcon.icns in Resources */,
				3DE2EF8E0BA0033A00A71444 /* Folder.icns in Resources */,
				3DE2EF8F0BA0033A00A71444 /* MainMenu.nib in Resources */,
				3DE2EF900BA0033A00A71444 /* TopComment.txt in Resources */,
				3DE2EF910BA0033A00A71444 /* OtherConfig.txt in Resources */,
				3DE2EF920BA0033A00A71444 /* SourcesComment.txt in Resources */,
				3DE2EF930BA0033A00A71444 /* OtherOptions.txt in Resources */,
				3DE2EF940BA0033A00A71444 /* Localizable.strings in Resources */,
				3DE2EF960BA0033A00A71444 /* ErrorIcon.icns in Resources */,
				3DE2EF970BA0033A00A71444 /* WarningIcon.icns in Resources */,
				3DE2EF980BA0033A00A71444 /* NoteIcon.icns in Resources */,
				3DE2EF990BA0033A00A71444 /* Splash.tiff in Resources */,
				3DE2EF9A0BA0033A00A71444 /* RunTadsScript.txt in Resources */,
				3DE2EF9B0BA0033A00A71444 /* DebugTadsScript.txt in Resources */,
				3DE2EF9D0BA0033A00A71444 /* Preferences.plist in Resources */,
				3DE2EF9E0BA0033A00A71444 /* SyntaxColorDefaults.plist in Resources */,
				3DE2EF9F0BA0033A00A71444 /* SyntaxDefinition.plist in Resources */,
				3DE2EFA00BA0033A00A71444 /* BrokenDocIcon.tiff in Resources */,
				3DE2EFA10BA0033A00A71444 /* SelectionRange.tiff in Resources */,
				3DE2EFA20BA0033A00A71444 /* InsertionMark.tiff in Resources */,
				3DE2EFA60BA0033A00A71444 /* UKFeedbackProvider.nib in Resources */,
				3DE2EFA70BA0033A00A71444 /* UKUpdateChecker.strings in Resources */,
				3DE2EFA80BA0033A00A71444 /* UKErrorsWindow.nib in Resources */,
				3DE2EFA90BA0033A00A71444 /* MacPAD.url in Resources */,
				3DE2EFAA0BA0033A00A71444 /* Suitcase.icns in Resources */,
				5598C9CE102582B9000272CF /* frob in Resources */,
				5598C9CF102582B9000272CF /* t3make in Resources */,
				556EC570102584B5007FBE38 /* t3doc in Resources */,
				556EC576102584D0007FBE38 /* lib in Resources */,
				556EC6BB1025F149007FBE38 /* t3_hdr in Resources */,
			);
			runOnlyForDeploymentPostprocessing = 0;
		};
/* End PBXResourcesBuildPhase section */

/* Begin PBXShellScriptBuildPhase section */
		3DE2EF6A0BA0033A00A71444 /* Remove SVN Folders */ = {
			isa = PBXShellScriptBuildPhase;
			buildActionMask = 8;
			files = (
			);
			inputPaths = (
			);
			name = "Remove SVN Folders";
			outputPaths = (
			);
			runOnlyForDeploymentPostprocessing = 1;
			shellPath = /bin/sh;
			shellScript = "find -d \"${BUILD_DIR}/${PRODUCT_NAME}.app/Contents/Resources/\" -name \".svn\" -exec rm -r '{}' \\; -print\n";
		};
		5598C9BA10258163000272CF /* Build FrobTADS */ = {
			isa = PBXShellScriptBuildPhase;
			buildActionMask = 2147483647;
			files = (
			);
			inputPaths = (
			);
			name = "Build FrobTADS";
			outputPaths = (
			);
			runOnlyForDeploymentPostprocessing = 0;
			shellPath = /bin/sh;
			shellScript = "cd \"${PROJECT_DIR}/frobtads/\"\n./configure\nmake\n";
		};
		5598C9C210258232000272CF /* Index Help */ = {
			isa = PBXShellScriptBuildPhase;
			buildActionMask = 2147483647;
			files = (
			);
			inputPaths = (
			);
			name = "Index Help";
			outputPaths = (
			);
			runOnlyForDeploymentPostprocessing = 0;
			shellPath = /bin/bash;
			shellScript = "open -a /Developer/Applications/Utilities/Help\\ Indexer.app \"${BUILT_PRODUCTS_DIR}/${PRODUCT_NAME}.app/Contents/Resources/${PRODUCT_NAME} Help\"";
		};
/* End PBXShellScriptBuildPhase section */

/* Begin PBXSourcesBuildPhase section */
		3DE2EFAB0BA0033A00A71444 /* Sources */ = {
			isa = PBXSourcesBuildPhase;
			buildActionMask = 2147483647;
			files = (
				3DE2EFAC0BA0033A00A71444 /* main.m in Sources */,
				3DE2EFAD0BA0033A00A71444 /* ProjectDocument.m in Sources */,
				3DE2EFAE0BA0033A00A71444 /* NSTadsOptFileHelper.mm in Sources */,
				3DE2EFB00BA0033A00A71444 /* osifc.c in Sources */,
				3DE2EFB10BA0033A00A71444 /* osportable.cc in Sources */,
				3DE2EFB40BA0033A00A71444 /* tccmdutl.cpp in Sources */,
				3DE2EFB50BA0033A00A71444 /* TadsDummies.c in Sources */,
				3DE2EFB60BA0033A00A71444 /* ErrorListEntry.m in Sources */,
				3DE2EFB70BA0033A00A71444 /* CocoaTadsAppDelegate.m in Sources */,
				3DE2EFB80BA0033A00A71444 /* ProjectTextDocument.m in Sources */,
				3DE2EFB90BA0033A00A71444 /* UKSyntaxColoredTextDocument.m in Sources */,
				3DE2EFBA0BA0033A00A71444 /* UKSCTDUserIdentifiersPrefsController.m in Sources */,
				3DE2EFBB0BA0033A00A71444 /* UKSCTDColorWellPrefsController.m in Sources */,
				3DE2EFBC0BA0033A00A71444 /* NSArray+Color.m in Sources */,
				3DE2EFBD0BA0033A00A71444 /* NSScanner+SkipUpToCharset.m in Sources */,
				3DE2EFBE0BA0033A00A71444 /* UKTextDocGoToBox.m in Sources */,
				3DE2EFBF0BA0033A00A71444 /* UKFeedbackProvider.m in Sources */,
				3DE2EFC00BA0033A00A71444 /* UKUpdateChecker.m in Sources */,
				3DE2EFC10BA0033A00A71444 /* UKBorderlessWindow.m in Sources */,
				3DE2EFC20BA0033A00A71444 /* UKErrorsWindow.m in Sources */,
				3DE2EFC30BA0033A00A71444 /* UKNibOwner.m in Sources */,
				3DE2EFC40BA0033A00A71444 /* NSFileHandle+AppendToStringAndNotify.m in Sources */,
				3DE2EFC50BA0033A00A71444 /* NSString+FetchNextLine.m in Sources */,
				556EC5F410259183007FBE38 /* missing.cc in Sources */,
			);
			runOnlyForDeploymentPostprocessing = 0;
		};
/* End PBXSourcesBuildPhase section */

/* Begin PBXVariantGroup section */
		089C165FFE840EACC02AAC07 /* InfoPlist.strings */ = {
			isa = PBXVariantGroup;
			children = (
				089C1660FE840EACC02AAC07 /* English */,
			);
			name = InfoPlist.strings;
			sourceTree = "<group>";
		};
		2A37F4B9FDCFA73011CA2CEA /* Credits.rtf */ = {
			isa = PBXVariantGroup;
			children = (
				2A37F4BAFDCFA73011CA2CEA /* English */,
			);
			name = Credits.rtf;
			sourceTree = "<group>";
		};
		3D0ECD3B0745A9780085E9A0 /* UKErrorsWindow.nib */ = {
			isa = PBXVariantGroup;
			children = (
				3D0ECD3C0745A9780085E9A0 /* English */,
			);
			name = UKErrorsWindow.nib;
			sourceTree = "<group>";
		};
		3DB68901071147D90099B94D /* UKFeedbackProvider.nib */ = {
			isa = PBXVariantGroup;
			children = (
				3DB68902071147D90099B94D /* English */,
			);
			name = UKFeedbackProvider.nib;
			sourceTree = "<group>";
		};
		3DB68906071147F00099B94D /* UKUpdateChecker.strings */ = {
			isa = PBXVariantGroup;
			children = (
				3DB68907071147F00099B94D /* English */,
			);
			name = UKUpdateChecker.strings;
			sourceTree = "<group>";
		};
		3DC5E32E0486D2AF009225F9 /* TopComment.txt */ = {
			isa = PBXVariantGroup;
			children = (
				3DC5E3240486D0B2009225F9 /* English */,
			);
			name = TopComment.txt;
			sourceTree = "<group>";
		};
		3DC5E3300486D2B6009225F9 /* SourcesComment.txt */ = {
			isa = PBXVariantGroup;
			children = (
				3DC5E3270486D165009225F9 /* English */,
			);
			name = SourcesComment.txt;
			sourceTree = "<group>";
		};
		3DC5E3320486D3B2009225F9 /* Localizable.strings */ = {
			isa = PBXVariantGroup;
			children = (
				3DC5E32C0486D291009225F9 /* English */,
			);
			name = Localizable.strings;
			sourceTree = "<group>";
		};
		3DFB257D04841572006ACD61 /* UKSyntaxColoredTextDocument.nib */ = {
			isa = PBXVariantGroup;
			children = (
				3DFB257E04841572006ACD61 /* UKSyntaxColoredTextDocument.nib */,
			);
			name = UKSyntaxColoredTextDocument.nib;
			sourceTree = "<group>";
		};
		3DFB257F04841572006ACD61 /* ProjectDocument.nib */ = {
			isa = PBXVariantGroup;
			children = (
				3DFB258004841572006ACD61 /* English */,
			);
			name = ProjectDocument.nib;
			sourceTree = "<group>";
		};
		3DFB258C04841692006ACD61 /* MainMenu.nib */ = {
			isa = PBXVariantGroup;
			children = (
				3DFB258D04841692006ACD61 /* English */,
			);
			name = MainMenu.nib;
			sourceTree = "<group>";
		};
/* End PBXVariantGroup section */

/* Begin XCBuildConfiguration section */
		3D77755309C119DA00F1FADB /* Development */ = {
			isa = XCBuildConfiguration;
			buildSettings = {
				SDKROOT = /Developer/SDKs/MacOSX10.4u.sdk;
			};
			name = Development;
		};
		3D77755409C119DA00F1FADB /* Deployment */ = {
			isa = XCBuildConfiguration;
			buildSettings = {
				ARCHS = (
					i386,
					ppc,
				);
				OTHER_LDFLAGS = "-llibstdc++";
				SDKROOT = /Developer/SDKs/MacOSX10.4u.sdk;
			};
			name = Deployment;
		};
		3D77755509C119DA00F1FADB /* Default */ = {
			isa = XCBuildConfiguration;
			buildSettings = {
				SDKROOT = /Developer/SDKs/MacOSX10.4u.sdk;
			};
			name = Default;
		};
		3DE2EFCF0BA0033A00A71444 /* Development */ = {
			isa = XCBuildConfiguration;
			buildSettings = {
				COPY_PHASE_STRIP = NO;
				FRAMEWORK_SEARCH_PATHS = "";
				GCC_DYNAMIC_NO_PIC = NO;
				GCC_ENABLE_FIX_AND_CONTINUE = YES;
				GCC_GENERATE_DEBUGGING_SYMBOLS = YES;
				GCC_OPTIMIZATION_LEVEL = 0;
				GCC_PRECOMPILE_PREFIX_HEADER = YES;
				GCC_PREFIX_HEADER = CocoaTADS_Prefix.h;
				GCC_PREPROCESSOR_DEFINITIONS = (
					"HAVE_BOOL=1",
					"HAVE_NOT_KEYWORD=1",
					"HAVE_AND_KEYWORD=1",
					"HAVE_OR_KEYWORD=1",
				);
				GCC_SYMBOLS_PRIVATE_EXTERN = NO;
				HEADER_SEARCH_PATHS = "";
				INFOPLIST_FILE = "Info-CocoaTADS__Upgraded_.plist";
				INSTALL_PATH = "$(HOME)/Applications";
				LIBRARY_SEARCH_PATHS = /usr/lib/gcc/darwin/3.1;
				OTHER_CFLAGS = "";
				OTHER_LDFLAGS = "-lncurses";
				PRODUCT_NAME = Workbench;
				SDKROOT = "";
				SECTORDER_FLAGS = "";
				WARNING_CFLAGS = (
					"-Wmost",
					"-Wno-four-char-constants",
					"-Wno-unknown-pragmas",
				);
				WRAPPER_EXTENSION = app;
				ZERO_LINK = YES;
			};
			name = Development;
		};
		3DE2EFD00BA0033A00A71444 /* Deployment */ = {
			isa = XCBuildConfiguration;
			buildSettings = {
				COPY_PHASE_STRIP = YES;
				DEPLOYMENT_POSTPROCESSING = YES;
				FRAMEWORK_SEARCH_PATHS = "";
				GCC_ENABLE_FIX_AND_CONTINUE = NO;
				GCC_GENERATE_DEBUGGING_SYMBOLS = NO;
				GCC_PRECOMPILE_PREFIX_HEADER = YES;
				GCC_PREFIX_HEADER = CocoaTADS_Prefix.h;
				GCC_PREPROCESSOR_DEFINITIONS = (
					"HAVE_BOOL=1",
					"HAVE_NOT_KEYWORD=1",
					"HAVE_AND_KEYWORD=1",
					"HAVE_OR_KEYWORD=1",
				);
				GCC_SYMBOLS_PRIVATE_EXTERN = NO;
				HEADER_SEARCH_PATHS = "";
				INFOPLIST_FILE = "Info-CocoaTADS__Upgraded_.plist";
				INSTALL_PATH = "$(HOME)/Applications";
				LIBRARY_SEARCH_PATHS = /usr/lib/gcc/darwin/3.1;
				OTHER_CFLAGS = "";
				OTHER_LDFLAGS = "-lncurses";
				PRODUCT_NAME = Workbench;
				SDKROOT = "";
				SECTORDER_FLAGS = "";
				WARNING_CFLAGS = (
					"-Wmost",
					"-Wno-four-char-constants",
					"-Wno-unknown-pragmas",
				);
				WRAPPER_EXTENSION = app;
				ZERO_LINK = NO;
			};
			name = Deployment;
		};
		3DE2EFD10BA0033A00A71444 /* Default */ = {
			isa = XCBuildConfiguration;
			buildSettings = {
				FRAMEWORK_SEARCH_PATHS = "";
				GCC_PRECOMPILE_PREFIX_HEADER = YES;
				GCC_PREFIX_HEADER = CocoaTADS_Prefix.h;
				GCC_PREPROCESSOR_DEFINITIONS = (
					"HAVE_BOOL=1",
					"HAVE_NOT_KEYWORD=1",
					"HAVE_AND_KEYWORD=1",
					"HAVE_OR_KEYWORD=1",
				);
				GCC_SYMBOLS_PRIVATE_EXTERN = NO;
				HEADER_SEARCH_PATHS = "";
				INFOPLIST_FILE = "Info-CocoaTADS__Upgraded_.plist";
				INSTALL_PATH = "$(HOME)/Applications";
				LIBRARY_SEARCH_PATHS = /usr/lib/gcc/darwin/3.1;
				OTHER_CFLAGS = "";
				OTHER_LDFLAGS = "-lncurses";
				PRODUCT_NAME = Workbench;
				SDKROOT = "";
				SECTORDER_FLAGS = "";
				WARNING_CFLAGS = (
					"-Wmost",
					"-Wno-four-char-constants",
					"-Wno-unknown-pragmas",
				);
				WRAPPER_EXTENSION = app;
			};
			name = Default;
		};
/* End XCBuildConfiguration section */

/* Begin XCConfigurationList section */
		3D77755209C119DA00F1FADB /* Build configuration list for PBXProject "CocoaTADS" */ = {
			isa = XCConfigurationList;
			buildConfigurations = (
				3D77755309C119DA00F1FADB /* Development */,
				3D77755409C119DA00F1FADB /* Deployment */,
				3D77755509C119DA00F1FADB /* Default */,
			);
			defaultConfigurationIsVisible = 0;
			defaultConfigurationName = Default;
		};
		3DE2EFCE0BA0033A00A71444 /* Build configuration list for PBXNativeTarget "CocoaTADS" */ = {
			isa = XCConfigurationList;
			buildConfigurations = (
				3DE2EFCF0BA0033A00A71444 /* Development */,
				3DE2EFD00BA0033A00A71444 /* Deployment */,
				3DE2EFD10BA0033A00A71444 /* Default */,
			);
			defaultConfigurationIsVisible = 0;
			defaultConfigurationName = Default;
		};
/* End XCConfigurationList section */
	};
	rootObject = 2A37F4A9FDCFA73011CA2CEA /* Project object */;
}
